
Microsoft Visual Studio Solution File, Format Version 12.00
# Visual Studio 2013
VisualStudioVersion = 12.0.21005.1
MinimumVisualStudioVersion = 10.0.40219.1
Project("{FAE04EC0-301F-11D3-BF4B-00C04F79EFBC}") = "EchoWeb4", "EchoWeb4\EchoWeb4.csproj", "{516DF9FC-51AB-4B24-A480-C4B415548B98}"
EndProject
Project("{FAE04EC0-301F-11D3-BF4B-00C04F79EFBC}") = "EchoWeb2", "EchoWeb2\EchoWeb2.csproj", "{C672FF86-5EB8-4206-A8F0-1BFEB621F737}"
EndProject
Global
	GlobalSection(SolutionConfigurationPlatforms) = preSolution
		Debug|Any CPU = Debug|Any CPU
		Release|Any CPU = Release|Any CPU
	EndGlobalSection
	GlobalSection(ProjectConfigurationPlatforms) = postSolution
		{516DF9FC-51AB-4B24-A480-C4B415548B98}.Debug|Any CPU.ActiveCfg = Debug|Any CPU
		{516DF9FC-51AB-4B24-A480-C4B415548B98}.Debug|Any CPU.Build.0 = Debug|Any CPU
		{516DF9FC-51AB-4B24-A480-C4B415548B98}.Release|Any CPU.ActiveCfg = Release|Any CPU
		{516DF9FC-51AB-4B24-A480-C4B415548B98}.Release|Any CPU.Build.0 = Release|Any CPU
		{C672FF86-5EB8-4206-A8F0-1BFEB621F737}.Debug|Any CPU.ActiveCfg = Debug|Any CPU
		{C672FF86-5EB8-4206-A8F0-1BFEB621F737}.Debug|Any CPU.Build.0 = Debug|Any CPU
		{C672FF86-5EB8-4206-A8F0-1BFEB621F737}.Release|Any CPU.ActiveCfg = Release|Any CPU
		{C672FF86-5EB8-4206-A8F0-1BFEB621F737}.Release|Any CPU.Build.0 = Release|Any CPU
	EndGlobalSection
	GlobalSection(SolutionProperties) = preSolution
		HideSolutionNode = FALSE
	EndGlobalSection
EndGlobal
